<?xml version="1.0" encoding="utf-8"?>
<Project ToolsVersion="4.0" xmlns="http://schemas.microsoft.com/developer/msbuild/2003">
  <ItemGroup>
    <Filter Include="Source Files">
      <UniqueIdentifier>{4FC737F1-C7A5-4376-A066-2A32D752A2FF}</UniqueIdentifier>
      <Extensions>cpp;c;cc;cxx;c++;cppm;ixx;def;odl;idl;hpj;bat;asm;asmx</Extensions>
    </Filter>
    <Filter Include="Header Files">
      <UniqueIdentifier>{93995380-89BD-4b04-88EB-625FBE52EBFB}</UniqueIdentifier>
      <Extensions>h;hh;hpp;hxx;h++;hm;inl;inc;ipp;xsd</Extensions>
    </Filter>
    <Filter Include="Resource Files">
      <UniqueIdentifier>{67DA6AB6-F800-4c08-8B7A-83BB121AAD01}</UniqueIdentifier>
      <Extensions>rc;ico;cur;bmp;dlg;rc2;rct;bin;rgs;gif;jpg;jpeg;jpe;resx;tiff;tif;png;wav;mfcribbon-ms</Extensions>
    </Filter>
    <Filter Include="Source Files\core">
      <UniqueIdentifier>{68fb7823-6f08-4c4d-be5d-51b242af56d4}</UniqueIdentifier>
    </Filter>
    <Filter Include="Header Files\core">
      <UniqueIdentifier>{746fb626-5138-4085-b4ca-cc48098b0466}</UniqueIdentifier>
    </Filter>
    <Filter Include="Source Files\core\tables">
      <UniqueIdentifier>{cecd5fdc-21d0-4d71-9260-d1df2ae5ab50}</UniqueIdentifier>
    </Filter>
    <Filter Include="Header Files\core\tables">
      <UniqueIdentifier>{53537b53-6c2c-4bec-b71d-fb31f3c6084b}</UniqueIdentifier>
    </Filter>
    <Filter Include="Header Files\core\mbc">
      <UniqueIdentifier>{016c6df5-9596-43ea-b4b8-4b2b6f8dd974}</UniqueIdentifier>
    </Filter>
    <Filter Include="Source Files\frontend">
      <UniqueIdentifier>{6f7145a8-20ea-44c8-8656-92a83d324c53}</UniqueIdentifier>
    </Filter>
    <Filter Include="Header Files\frontend">
      <UniqueIdentifier>{2e9c71c1-448e-423f-b379-ca3b949c1801}</UniqueIdentifier>
    </Filter>
    <Filter Include="Source Files\libs">
      <UniqueIdentifier>{f53ca1eb-9599-4aa5-a7fe-db1c2646c476}</UniqueIdentifier>
    </Filter>
    <Filter Include="Header Files\libs">
      <UniqueIdentifier>{7f5d1173-692f-46b4-9e47-23873d28ddea}</UniqueIdentifier>
    </Filter>
    <Filter Include="Source Files\frontend\io">
      <UniqueIdentifier>{be7312d3-cf4c-4707-859a-7299e9258888}</UniqueIdentifier>
    </Filter>
    <Filter Include="Source Files\frontend\util">
      <UniqueIdentifier>{50922938-1987-4564-975b-9a134f9148c5}</UniqueIdentifier>
    </Filter>
    <Filter Include="Header Files\frontend\io">
      <UniqueIdentifier>{80ed51e8-34b9-4f7f-9d8f-1c721435d839}</UniqueIdentifier>
    </Filter>
    <Filter Include="Header Files\frontend\util">
      <UniqueIdentifier>{a57045f3-dde2-46ac-a3cf-68c5caa5ca1c}</UniqueIdentifier>
    </Filter>
    <Filter Include="Source Files\libs\nativefiledialog">
      <UniqueIdentifier>{28867320-d7b0-4c9b-a733-a00d1fa667aa}</UniqueIdentifier>
    </Filter>
    <Filter Include="Source Files\libs\zlib">
      <UniqueIdentifier>{8ae59f68-fdca-413e-8276-f0364b4a7172}</UniqueIdentifier>
    </Filter>
    <Filter Include="Source Files\libs\minizip">
      <UniqueIdentifier>{9d91ba0e-78e5-4786-9402-b75f2f2ffddc}</UniqueIdentifier>
    </Filter>
    <Filter Include="Source Files\libs\lzma">
      <UniqueIdentifier>{15d1e8a3-961d-4b20-b94e-52496a0fc0cb}</UniqueIdentifier>
    </Filter>
    <Filter Include="Header Files\libs\nativefiledialog">
      <UniqueIdentifier>{3bc87389-9d5e-4414-99d4-f41d6ea73abd}</UniqueIdentifier>
    </Filter>
    <Filter Include="Header Files\libs\minizip">
      <UniqueIdentifier>{17f6e90e-140a-4b2c-bc88-73c2d9b23a10}</UniqueIdentifier>
    </Filter>
    <Filter Include="Header Files\libs\zlib">
      <UniqueIdentifier>{d363ee51-bfa2-43e7-a98c-97ae216f2606}</UniqueIdentifier>
    </Filter>
    <Filter Include="Header Files\libs\lzma">
      <UniqueIdentifier>{87d84f29-fe0d-4c50-b43d-9694b0a09adc}</UniqueIdentifier>
    </Filter>
    <Filter Include="Source Files\core\accessories">
      <UniqueIdentifier>{63e03b37-e4ec-4862-8ee7-e9d37b5324e2}</UniqueIdentifier>
    </Filter>
    <Filter Include="Header Files\core\accessories">
      <UniqueIdentifier>{2eb6d946-9714-42f9-840f-9d0961d43b3a}</UniqueIdentifier>
    </Filter>
    <Filter Include="Header Files\core\apu">
      <UniqueIdentifier>{35787702-5161-4818-8569-c5f1a0c81c40}</UniqueIdentifier>
    </Filter>
  </ItemGroup>
  <ItemGroup>
    <ClCompile Include="..\..\src\core\apu.c">
      <Filter>Source Files\core</Filter>
    </ClCompile>
    <ClCompile Include="..\..\src\core\bus.c">
      <Filter>Source Files\core</Filter>
    </ClCompile>
    <ClCompile Include="..\..\src\core\cpu.c">
      <Filter>Source Files\core</Filter>
    </ClCompile>
    <ClCompile Include="..\..\src\core\gb.c">
      <Filter>Source Files\core</Filter>
    </ClCompile>
    <ClCompile Include="..\..\src\core\joypad.c">
      <Filter>Source Files\core</Filter>
    </ClCompile>
    <ClCompile Include="..\..\src\core\mbc.c">
      <Filter>Source Files\core</Filter>
    </ClCompile>
    <ClCompile Include="..\..\src\core\ppu.c">
      <Filter>Source Files\core</Filter>
    </ClCompile>
    <ClCompile Include="..\..\src\core\serial.c">
      <Filter>Source Files\core</Filter>
    </ClCompile>
    <ClCompile Include="..\..\src\core\timers.c">
      <Filter>Source Files\core</Filter>
    </ClCompile>
    <ClCompile Include="..\..\src\core\tables\palette_table.c">
      <Filter>Source Files\core\tables</Filter>
    </ClCompile>
    <ClCompile Include="..\..\src\frontend\events.cpp">
      <Filter>Source Files\frontend</Filter>
    </ClCompile>
    <ClCompile Include="..\..\src\frontend\main.cpp">
      <Filter>Source Files\frontend</Filter>
    </ClCompile>
    <ClCompile Include="..\..\src\frontend\mgb.cpp">
      <Filter>Source Files\frontend</Filter>
    </ClCompile>
    <ClCompile Include="..\..\src\frontend\io\ifile_7z.cpp">
      <Filter>Source Files\frontend\io</Filter>
    </ClCompile>
    <ClCompile Include="..\..\src\frontend\io\ifile_cfile.cpp">
      <Filter>Source Files\frontend\io</Filter>
    </ClCompile>
    <ClCompile Include="..\..\src\frontend\io\ifile_gzip.cpp">
      <Filter>Source Files\frontend\io</Filter>
    </ClCompile>
    <ClCompile Include="..\..\src\frontend\io\ifile_mem.cpp">
      <Filter>Source Files\frontend\io</Filter>
    </ClCompile>
    <ClCompile Include="..\..\src\frontend\io\ifile_rar.cpp">
      <Filter>Source Files\frontend\io</Filter>
    </ClCompile>
    <ClCompile Include="..\..\src\frontend\io\ifile_zip.cpp">
      <Filter>Source Files\frontend\io</Filter>
    </ClCompile>
    <ClCompile Include="..\..\src\frontend\io\ifile_zstd.cpp">
      <Filter>Source Files\frontend\io</Filter>
    </ClCompile>
    <ClCompile Include="..\..\src\frontend\io\romloader.cpp">
      <Filter>Source Files\frontend\io</Filter>
    </ClCompile>
    <ClCompile Include="..\..\src\frontend\util\mem.cpp">
      <Filter>Source Files\frontend\util</Filter>
    </ClCompile>
    <ClCompile Include="..\..\src\frontend\util\util.cpp">
      <Filter>Source Files\frontend\util</Filter>
    </ClCompile>
    <ClCompile Include="..\..\src\libs\zlib\adler32.c">
      <Filter>Source Files\libs\zlib</Filter>
    </ClCompile>
    <ClCompile Include="..\..\src\libs\zlib\compress.c">
      <Filter>Source Files\libs\zlib</Filter>
    </ClCompile>
    <ClCompile Include="..\..\src\libs\zlib\crc32.c">
      <Filter>Source Files\libs\zlib</Filter>
    </ClCompile>
    <ClCompile Include="..\..\src\libs\zlib\deflate.c">
      <Filter>Source Files\libs\zlib</Filter>
    </ClCompile>
    <ClCompile Include="..\..\src\libs\zlib\gzclose.c">
      <Filter>Source Files\libs\zlib</Filter>
    </ClCompile>
    <ClCompile Include="..\..\src\libs\zlib\gzlib.c">
      <Filter>Source Files\libs\zlib</Filter>
    </ClCompile>
    <ClCompile Include="..\..\src\libs\zlib\gzread.c">
      <Filter>Source Files\libs\zlib</Filter>
    </ClCompile>
    <ClCompile Include="..\..\src\libs\zlib\gzwrite.c">
      <Filter>Source Files\libs\zlib</Filter>
    </ClCompile>
    <ClCompile Include="..\..\src\libs\zlib\infback.c">
      <Filter>Source Files\libs\zlib</Filter>
    </ClCompile>
    <ClCompile Include="..\..\src\libs\zlib\inffast.c">
      <Filter>Source Files\libs\zlib</Filter>
    </ClCompile>
    <ClCompile Include="..\..\src\libs\zlib\inflate.c">
      <Filter>Source Files\libs\zlib</Filter>
    </ClCompile>
    <ClCompile Include="..\..\src\libs\zlib\inftrees.c">
      <Filter>Source Files\libs\zlib</Filter>
    </ClCompile>
    <ClCompile Include="..\..\src\libs\zlib\trees.c">
      <Filter>Source Files\libs\zlib</Filter>
    </ClCompile>
    <ClCompile Include="..\..\src\libs\zlib\uncompr.c">
      <Filter>Source Files\libs\zlib</Filter>
    </ClCompile>
    <ClCompile Include="..\..\src\libs\zlib\zutil.c">
      <Filter>Source Files\libs\zlib</Filter>
    </ClCompile>
    <ClCompile Include="..\..\src\libs\lzma\Alloc.c">
      <Filter>Source Files\libs\lzma</Filter>
    </ClCompile>
    <ClCompile Include="..\..\src\libs\lzma\LzFind.c">
      <Filter>Source Files\libs\lzma</Filter>
    </ClCompile>
    <ClCompile Include="..\..\src\libs\lzma\LzmaDec.c">
      <Filter>Source Files\libs\lzma</Filter>
    </ClCompile>
    <ClCompile Include="..\..\src\libs\lzma\LzmaEnc.c">
      <Filter>Source Files\libs\lzma</Filter>
    </ClCompile>
    <ClCompile Include="..\..\src\libs\lzma\LzmaLib.c">
      <Filter>Source Files\libs\lzma</Filter>
    </ClCompile>
    <ClCompile Include="..\..\src\libs\minizip\ioapi.c">
      <Filter>Source Files\libs\minizip</Filter>
    </ClCompile>
    <ClCompile Include="..\..\src\libs\minizip\unzip.c">
      <Filter>Source Files\libs\minizip</Filter>
    </ClCompile>
    <ClCompile Include="..\..\src\libs\nativefiledialog\nfd_win.cpp">
      <Filter>Source Files\libs\nativefiledialog</Filter>
    </ClCompile>
    <ClCompile Include="..\..\src\core\accessories\printer.c">
      <Filter>Source Files\core\accessories</Filter>
    </ClCompile>
  </ItemGroup>
  <ItemGroup>
    <ClInclude Include="..\..\src\core\gb.h">
      <Filter>Header Files\core</Filter>
    </ClInclude>
    <ClInclude Include="..\..\src\core\internal.h">
      <Filter>Header Files\core</Filter>
    </ClInclude>
    <ClInclude Include="..\..\src\core\types.h">
      <Filter>Header Files\core</Filter>
    </ClInclude>
    <ClInclude Include="..\..\src\core\mbc\common.h">
      <Filter>Header Files\core\mbc</Filter>
    </ClInclude>
    <ClInclude Include="..\..\src\core\mbc\mbc_0.h">
      <Filter>Header Files\core\mbc</Filter>
    </ClInclude>
    <ClInclude Include="..\..\src\core\mbc\mbc_1.h">
      <Filter>Header Files\core\mbc</Filter>
    </ClInclude>
    <ClInclude Include="..\..\src\core\mbc\mbc_3.h">
      <Filter>Header Files\core\mbc</Filter>
    </ClInclude>
    <ClInclude Include="..\..\src\core\mbc\mbc_5.h">
      <Filter>Header Files\core\mbc</Filter>
    </ClInclude>
    <ClInclude Include="..\..\src\core\tables\cycle_table.h">
      <Filter>Header Files\core\tables</Filter>
    </ClInclude>
    <ClInclude Include="..\..\src\core\tables\cycle_table_debug.h">
      <Filter>Header Files\core\tables</Filter>
    </ClInclude>
    <ClInclude Include="..\..\src\core\tables\palette_table.h">
      <Filter>Header Files\core\tables</Filter>
    </ClInclude>
    <ClInclude Include="..\..\src\frontend\io\ifile_7z.hpp">
      <Filter>Header Files\frontend\io</Filter>
    </ClInclude>
    <ClInclude Include="..\..\src\frontend\io\ifile_base.hpp">
      <Filter>Header Files\frontend\io</Filter>
    </ClInclude>
    <ClInclude Include="..\..\src\frontend\io\ifile_cfile.hpp">
      <Filter>Header Files\frontend\io</Filter>
    </ClInclude>
    <ClInclude Include="..\..\src\frontend\io\ifile_gzip.hpp">
      <Filter>Header Files\frontend\io</Filter>
    </ClInclude>
    <ClInclude Include="..\..\src\frontend\io\ifile_mem.hpp">
      <Filter>Header Files\frontend\io</Filter>
    </ClInclude>
    <ClInclude Include="..\..\src\frontend\io\ifile_rar.hpp">
      <Filter>Header Files\frontend\io</Filter>
    </ClInclude>
    <ClInclude Include="..\..\src\frontend\io\ifile_zip.hpp">
      <Filter>Header Files\frontend\io</Filter>
    </ClInclude>
    <ClInclude Include="..\..\src\frontend\io\ifile_zstd.hpp">
      <Filter>Header Files\frontend\io</Filter>
    </ClInclude>
    <ClInclude Include="..\..\src\frontend\io\romloader.hpp">
      <Filter>Header Files\frontend\io</Filter>
    </ClInclude>
    <ClInclude Include="..\..\src\frontend\util\log.hpp">
      <Filter>Header Files\frontend\util</Filter>
    </ClInclude>
    <ClInclude Include="..\..\src\frontend\util\mem.hpp">
      <Filter>Header Files\frontend\util</Filter>
    </ClInclude>
    <ClInclude Include="..\..\src\frontend\util\util.hpp">
      <Filter>Header Files\frontend\util</Filter>
    </ClInclude>
    <ClInclude Include="..\..\src\frontend\mgb.hpp">
      <Filter>Header Files\frontend</Filter>
    </ClInclude>
    <ClInclude Include="..\..\src\libs\zlib\crc32.h">
      <Filter>Header Files\libs\zlib</Filter>
    </ClInclude>
    <ClInclude Include="..\..\src\libs\zlib\deflate.h">
      <Filter>Header Files\libs\zlib</Filter>
    </ClInclude>
    <ClInclude Include="..\..\src\libs\zlib\gzguts.h">
      <Filter>Header Files\libs\zlib</Filter>
    </ClInclude>
    <ClInclude Include="..\..\src\libs\zlib\inffast.h">
      <Filter>Header Files\libs\zlib</Filter>
    </ClInclude>
    <ClInclude Include="..\..\src\libs\zlib\inffixed.h">
      <Filter>Header Files\libs\zlib</Filter>
    </ClInclude>
    <ClInclude Include="..\..\src\libs\zlib\inflate.h">
      <Filter>Header Files\libs\zlib</Filter>
    </ClInclude>
    <ClInclude Include="..\..\src\libs\zlib\inftrees.h">
      <Filter>Header Files\libs\zlib</Filter>
    </ClInclude>
    <ClInclude Include="..\..\src\libs\zlib\trees.h">
      <Filter>Header Files\libs\zlib</Filter>
    </ClInclude>
    <ClInclude Include="..\..\src\libs\zlib\zconf.h">
      <Filter>Header Files\libs\zlib</Filter>
    </ClInclude>
    <ClInclude Include="..\..\src\libs\zlib\zlib.h">
      <Filter>Header Files\libs\zlib</Filter>
    </ClInclude>
    <ClInclude Include="..\..\src\libs\zlib\zutil.h">
      <Filter>Header Files\libs\zlib</Filter>
    </ClInclude>
    <ClInclude Include="..\..\src\libs\lzma\7zTypes.h">
      <Filter>Header Files\libs\lzma</Filter>
    </ClInclude>
    <ClInclude Include="..\..\src\libs\lzma\Alloc.h">
      <Filter>Header Files\libs\lzma</Filter>
    </ClInclude>
    <ClInclude Include="..\..\src\libs\lzma\Compiler.h">
      <Filter>Header Files\libs\lzma</Filter>
    </ClInclude>
    <ClInclude Include="..\..\src\libs\lzma\LzFind.h">
      <Filter>Header Files\libs\lzma</Filter>
    </ClInclude>
    <ClInclude Include="..\..\src\libs\lzma\LzHash.h">
      <Filter>Header Files\libs\lzma</Filter>
    </ClInclude>
    <ClInclude Include="..\..\src\libs\lzma\LzmaDec.h">
      <Filter>Header Files\libs\lzma</Filter>
    </ClInclude>
    <ClInclude Include="..\..\src\libs\lzma\LzmaEnc.h">
      <Filter>Header Files\libs\lzma</Filter>
    </ClInclude>
    <ClInclude Include="..\..\src\libs\lzma\LzmaLib.h">
      <Filter>Header Files\libs\lzma</Filter>
    </ClInclude>
    <ClInclude Include="..\..\src\libs\lzma\Precomp.h">
      <Filter>Header Files\libs\lzma</Filter>
    </ClInclude>
    <ClInclude Include="..\..\src\libs\minizip\ioapi.h">
      <Filter>Header Files\libs\minizip</Filter>
    </ClInclude>
    <ClInclude Include="..\..\src\libs\minizip\unzip.h">
      <Filter>Header Files\libs\minizip</Filter>
    </ClInclude>
    <ClInclude Include="..\..\src\libs\nativefiledialog\nfd.h">
      <Filter>Header Files\libs\nativefiledialog</Filter>
    </ClInclude>
    <ClInclude Include="..\..\src\libs\nativefiledialog\nfd.hpp">
      <Filter>Header Files\libs\nativefiledialog</Filter>
    </ClInclude>
    <ClInclude Include="..\..\src\core\accessories\printer.h">
      <Filter>Header Files\core\accessories</Filter>
    </ClInclude>
    <ClInclude Include="..\..\src\core\apu\common.h">
      <Filter>Header Files\core\apu</Filter>
    </ClInclude>
    <ClInclude Include="..\..\src\core\apu\noise.h">
      <Filter>Header Files\core\apu</Filter>
    </ClInclude>
    <ClInclude Include="..\..\src\core\apu\square_common.h">
      <Filter>Header Files\core\apu</Filter>
    </ClInclude>
    <ClInclude Include="..\..\src\core\apu\square1.h">
      <Filter>Header Files\core\apu</Filter>
    </ClInclude>
    <ClInclude Include="..\..\src\core\apu\square2.h">
      <Filter>Header Files\core\apu</Filter>
    </ClInclude>
    <ClInclude Include="..\..\src\core\apu\wave.h">
      <Filter>Header Files\core\apu</Filter>
    </ClInclude>
  </ItemGroup>
  <ItemGroup>
    <None Include="packages.config" />
  </ItemGroup>
  <ItemGroup>
    <ResourceCompile Include="..\..\res\myres.rc">
      <Filter>Resource Files</Filter>
    </ResourceCompile>
  </ItemGroup>
  <ItemGroup>
    <Image Include="..\..\res\icon.ico">
      <Filter>Resource Files</Filter>
    </Image>
  </ItemGroup>
</Project>